
Microsoft Visual Studio Solution File, Format Version 12.00
# Visual Studio Version 17
VisualStudioVersion = 17.2.32616.157
MinimumVisualStudioVersion = 10.0.40219.1
Project("{FAE04EC0-301F-11D3-BF4B-00C04F79EFBC}") = "Elliptic Curves", "Elliptic Curves.csproj", "{2C157E4D-902C-4A24-8A85-BF693CABBDDD}"
EndProject
Global
	GlobalSection(SolutionConfigurationPlatforms) = preSolution
		Debug|Any CPU = Debug|Any CPU
		Release|Any CPU = Release|Any CPU
	EndGlobalSection
	GlobalSection(ProjectConfigurationPlatforms) = postSolution
		{2C157E4D-902C-4A24-8A85-BF693CABBDDD}.Debug|Any CPU.ActiveCfg = Debug|Any CPU
		{2C157E4D-902C-4A24-8A85-BF693CABBDDD}.Debug|Any CPU.Build.0 = Debug|Any CPU
		{2C157E4D-902C-4A24-8A85-BF693CABBDDD}.Release|Any CPU.ActiveCfg = Release|Any CPU
		{2C157E4D-902C-4A24-8A85-BF693CABBDDD}.Release|Any CPU.Build.0 = Release|Any CPU
	EndGlobalSection
	GlobalSection(SolutionProperties) = preSolution
		HideSolutionNode = FALSE
	EndGlobalSection
	GlobalSection(ExtensibilityGlobals) = postSolution
		SolutionGuid = {F3CB0D6C-52CC-4DFE-93FF-314E46840FFD}
	EndGlobalSection
EndGlobal
